
Microsoft Visual Studio Solution File, Format Version 12.00
# Visual Studio Version 17
VisualStudioVersion = 17.5.002.0
MinimumVisualStudioVersion = 10.0.40219.1
Project("{9A19103F-16F7-4668-BE54-9A1E7A4F7556}") = "API", "API\API.csproj", "{E14DC051-2591-4664-8924-BF2523C8E2AE}"
EndProject
Global
	GlobalSection(SolutionConfigurationPlatforms) = preSolution
		Debug|Any CPU = Debug|Any CPU
		Release|Any CPU = Release|Any CPU
	EndGlobalSection
	GlobalSection(ProjectConfigurationPlatforms) = postSolution
		{E14DC051-2591-4664-8924-BF2523C8E2AE}.Debug|Any CPU.ActiveCfg = Debug|Any CPU
		{E14DC051-2591-4664-8924-BF2523C8E2AE}.Debug|Any CPU.Build.0 = Debug|Any CPU
		{E14DC051-2591-4664-8924-BF2523C8E2AE}.Release|Any CPU.ActiveCfg = Release|Any CPU
		{E14DC051-2591-4664-8924-BF2523C8E2AE}.Release|Any CPU.Build.0 = Release|Any CPU
	EndGlobalSection
	GlobalSection(SolutionProperties) = preSolution
		HideSolutionNode = FALSE
	EndGlobalSection
	GlobalSection(ExtensibilityGlobals) = postSolution
		SolutionGuid = {BCAFB72D-8E22-46EE-91BA-D72FD0D9982B}
	EndGlobalSection
EndGlobal
